{
  "name": "LoggingFramework",
  "version": "1.0.0",
  "lockfileVersion": 1,
  "requires": true,
  "dependencies": {
    "@apidevtools/json-schema-ref-parser": {
      "version": "9.0.6",
      "resolved": "https://artifactory-qa.bmogc.net:443/artifactory/api/npm/BMOHC-NPM-Engineering-Virtual/@apidevtools/json-schema-ref-parser/-/json-schema-ref-parser-9.0.6.tgz",
      "integrity": "sha1-XZAAo6wf0lQE2ohtprJmrc2Zzxw=",
      "requires": {
        "@jsdevtools/ono": "^7.1.3",
        "call-me-maybe": "^1.0.1",
        "js-yaml": "^3.13.1"
      }
    },
    "@jsdevtools/ono": {
      "version": "7.1.3",
      "resolved": "https://artifactory-qa.bmogc.net:443/artifactory/api/npm/BMOHC-NPM-Engineering-Virtual/@jsdevtools/ono/-/ono-7.1.3.tgz",
      "integrity": "sha1-nfA7vXxpalxYiFw0qgbaQchUN5Y="
    },
    "@types/cls-hooked": {
      "version": "4.3.3",
      "resolved": "https://artifactory-qa.bmogc.net:443/artifactory/api/npm/BMOHC-NPM-Engineering-Virtual/@types/cls-hooked/-/cls-hooked-4.3.3.tgz",
      "integrity": "sha1-wJ4vjcYhmFIuqhiltrhzBTFUvQA=",
      "requires": {
        "@types/node": "*"
      }
    },
    "@types/node": {
      "version": "17.0.25",
      "resolved": "https://artifactory-qa.bmogc.net:443/artifactory/api/npm/BMOHC-NPM-Engineering-Virtual/@types/node/-/node-17.0.25.tgz",
      "integrity": "sha1-UnBR88L3eqUuXcdORaPaX7IwFEg="
    },
    "@xmldom/xmldom": {
      "version": "0.7.5",
      "resolved": "https://artifactory-qa.bmogc.net:443/artifactory/api/npm/BMOHC-NPM-Engineering-Virtual/@xmldom/xmldom/-/xmldom-0.7.5.tgz",
      "integrity": "sha1-CfpR41bQfQviAGQrDk+R2ObdQI0="
    },
    "ajv": {
      "version": "6.12.5",
      "resolved": "https://artifactory-qa.bmogc.net:443/artifactory/api/npm/BMOHC-NPM-Engineering-Virtual/ajv/-/ajv-6.12.5.tgz",
      "integrity": "sha1-GbDouuj0duW6ZmMAOHd1+xoApNo=",
      "requires": {
        "fast-deep-equal": "^3.1.1",
        "fast-json-stable-stringify": "^2.0.0",
        "json-schema-traverse": "^0.4.1",
        "uri-js": "^4.2.2"
      }
    },
    "ansi-font": {
      "version": "0.0.2",
      "resolved": "https://artifactory-qa.bmogc.net:443/artifactory/api/npm/BMOHC-NPM-Engineering-Virtual/ansi-font/-/ansi-font-0.0.2.tgz",
      "integrity": "sha1-iQMBvVhBRi/TnAt3Ca/R9SUUMzE="
    },
    "argparse": {
      "version": "1.0.10",
      "resolved": "https://artifactory-qa.bmogc.net:443/artifactory/api/npm/BMOHC-NPM-Engineering-Virtual/argparse/-/argparse-1.0.10.tgz",
      "integrity": "sha1-vNZ5HqWuCXJeF+WtmIE0zUCz2RE=",
      "requires": {
        "sprintf-js": "~1.0.2"
      }
    },
    "asn1": {
      "version": "0.2.6",
      "resolved": "https://artifactory-qa.bmogc.net:443/artifactory/api/npm/BMOHC-NPM-Engineering-Virtual/asn1/-/asn1-0.2.6.tgz",
      "integrity": "sha1-DTp7tuZOAqkMAwOzHykoaOoJoI0=",
      "requires": {
        "safer-buffer": "~2.1.0"
      }
    },
    "assert-plus": {
      "version": "1.0.0",
      "resolved": "https://artifactory-qa.bmogc.net:443/artifactory/api/npm/BMOHC-NPM-Engineering-Virtual/assert-plus/-/assert-plus-1.0.0.tgz",
      "integrity": "sha1-8S4PPF13sLHN2RRpQuTpbB5N1SU="
    },
    "async-hook-jl": {
      "version": "1.7.6",
      "resolved": "https://artifactory-qa.bmogc.net:443/artifactory/api/npm/BMOHC-NPM-Engineering-Virtual/async-hook-jl/-/async-hook-jl-1.7.6.tgz",
      "integrity": "sha1-T9JcL4ZNuvJ5xhDXO/l7GyhZXmg=",
      "requires": {
        "stack-chain": "^1.3.7"
      }
    },
    "asynckit": {
      "version": "0.4.0",
      "resolved": "https://artifactory-qa.bmogc.net:443/artifactory/api/npm/BMOHC-NPM-Engineering-Virtual/asynckit/-/asynckit-0.4.0.tgz",
      "integrity": "sha1-x57Zf380y48robyXkLzDZkdLS3k="
    },
    "atomic-batcher": {
      "version": "1.0.2",
      "resolved": "https://artifactory-qa.bmogc.net:443/artifactory/api/npm/BMOHC-NPM-Engineering-Virtual/atomic-batcher/-/atomic-batcher-1.0.2.tgz",
      "integrity": "sha1-0WkB0QzOxZUWwZe5zNiTBom4E7Q="
    },
    "aws-sign2": {
      "version": "0.7.0",
      "resolved": "https://artifactory-qa.bmogc.net:443/artifactory/api/npm/BMOHC-NPM-Engineering-Virtual/aws-sign2/-/aws-sign2-0.7.0.tgz",
      "integrity": "sha1-tG6JCTSpWR8tL2+G1+ap8bP+dqg="
    },
    "aws-xray-sdk-core": {
      "version": "3.2.0",
      "resolved": "https://artifactory-qa.bmogc.net:443/artifactory/api/npm/BMOHC-NPM-Engineering-Virtual/aws-xray-sdk-core/-/aws-xray-sdk-core-3.2.0.tgz",
      "integrity": "sha1-RUIexfEYJOT8rJzcho6yQhr530U=",
      "requires": {
        "@types/cls-hooked": "*",
        "atomic-batcher": "^1.0.2",
        "cls-hooked": "^4.2.2",
        "pkginfo": "^0.4.0",
        "semver": "^5.3.0"
      },
      "dependencies": {
        "semver": {
          "version": "5.7.1",
          "resolved": "https://artifactory-qa.bmogc.net:443/artifactory/api/npm/BMOHC-NPM-Engineering-Virtual/semver/-/semver-5.7.1.tgz",
          "integrity": "sha1-qVT5Ma66UI0we78Gnv8MAclhFvc="
        }
      }
    },
    "aws4": {
      "version": "1.11.0",
      "resolved": "https://artifactory-qa.bmogc.net:443/artifactory/api/npm/BMOHC-NPM-Engineering-Virtual/aws4/-/aws4-1.11.0.tgz",
      "integrity": "sha1-1h9G2DslGSUOJ4Ta9bCUeai0HFk="
    },
    "bcrypt-pbkdf": {
      "version": "1.0.2",
      "resolved": "https://artifactory-qa.bmogc.net:443/artifactory/api/npm/BMOHC-NPM-Engineering-Virtual/bcrypt-pbkdf/-/bcrypt-pbkdf-1.0.2.tgz",
      "integrity": "sha1-pDAdOJtqQ/m2f/PKEaP2Y342Dp4=",
      "requires": {
        "tweetnacl": "^0.14.3"
      }
    },
    "biskviit": {
      "version": "1.0.1",
      "resolved": "https://artifactory-qa.bmogc.net:443/artifactory/api/npm/BMOHC-NPM-Engineering-Virtual/biskviit/-/biskviit-1.0.1.tgz",
      "integrity": "sha1-A3oM1LcbnjMf2QoRIt4X3EnkIKc=",
      "requires": {
        "psl": "^1.1.7"
      }
    },
    "call-me-maybe": {
      "version": "1.0.1",
      "resolved": "https://artifactory-qa.bmogc.net:443/artifactory/api/npm/BMOHC-NPM-Engineering-Virtual/call-me-maybe/-/call-me-maybe-1.0.1.tgz",
      "integrity": "sha1-JtII6onje1y95gJQoV8DHBak1ms="
    },
    "caseless": {
      "version": "0.12.0",
      "resolved": "https://artifactory-qa.bmogc.net:443/artifactory/api/npm/BMOHC-NPM-Engineering-Virtual/caseless/-/caseless-0.12.0.tgz",
      "integrity": "sha1-G2gcIf+EAzyCZUMJBolCDRhxUdw="
    },
    "clone": {
      "version": "2.1.2",
      "resolved": "https://artifactory-qa.bmogc.net:443/artifactory/api/npm/BMOHC-NPM-Engineering-Virtual/clone/-/clone-2.1.2.tgz",
      "integrity": "sha1-G39Ln1kfHo+DZwQBYANFoCiHQ18="
    },
    "cls-hooked": {
      "version": "4.2.2",
      "resolved": "https://artifactory-qa.bmogc.net:443/artifactory/api/npm/BMOHC-NPM-Engineering-Virtual/cls-hooked/-/cls-hooked-4.2.2.tgz",
      "integrity": "sha1-rS6aQJJoDNr/6y01UdoOIl6uGQg=",
      "requires": {
        "async-hook-jl": "^1.7.6",
        "emitter-listener": "^1.0.1",
        "semver": "^5.4.1"
      },
      "dependencies": {
        "semver": {
          "version": "5.7.1",
          "resolved": "https://artifactory-qa.bmogc.net:443/artifactory/api/npm/BMOHC-NPM-Engineering-Virtual/semver/-/semver-5.7.1.tgz",
          "integrity": "sha1-qVT5Ma66UI0we78Gnv8MAclhFvc="
        }
      }
    },
    "combined-stream": {
      "version": "1.0.8",
      "resolved": "https://artifactory-qa.bmogc.net:443/artifactory/api/npm/BMOHC-NPM-Engineering-Virtual/combined-stream/-/combined-stream-1.0.8.tgz",
      "integrity": "sha1-w9RaizT9cwYxoRCoolIGgrMdWn8=",
      "requires": {
        "delayed-stream": "~1.0.0"
      }
    },
    "core-util-is": {
      "version": "1.0.2",
      "resolved": "https://artifactory-qa.bmogc.net:443/artifactory/api/npm/BMOHC-NPM-Engineering-Virtual/core-util-is/-/core-util-is-1.0.2.tgz",
      "integrity": "sha1-tf1UIgqivFq1eqtxQMlAdUUDwac="
    },
    "crypto-js": {
      "version": "4.0.0",
      "resolved": "https://artifactory-qa.bmogc.net:443/artifactory/api/npm/BMOHC-NPM-Engineering-Virtual/crypto-js/-/crypto-js-4.0.0.tgz",
      "integrity": "sha1-KQSrJnep0EKFai6i74DekuSjbcw="
    },
    "dashdash": {
      "version": "1.14.1",
      "resolved": "https://artifactory-qa.bmogc.net:443/artifactory/api/npm/BMOHC-NPM-Engineering-Virtual/dashdash/-/dashdash-1.14.1.tgz",
      "integrity": "sha1-hTz6D3y+L+1d4gMmuN1YEDX24vA=",
      "requires": {
        "assert-plus": "^1.0.0"
      }
    },
    "data-mask": {
      "version": "0.0.4",
      "resolved": "https://artifactory-qa.bmogc.net:443/artifactory/api/npm/BMOHC-NPM-Engineering-Virtual/data-mask/-/data-mask-0.0.4.tgz",
      "integrity": "sha1-yoZWThLq/3h7Sqv76KNwnJDyiU4="
    },
    "data-uri-to-buffer": {
      "version": "4.0.0",
      "resolved": "https://artifactory-qa.bmogc.net:443/artifactory/api/npm/BMOHC-NPM-Engineering-Virtual/data-uri-to-buffer/-/data-uri-to-buffer-4.0.0.tgz",
      "integrity": "sha1-tdtGrqUPYXZCisBbc745pXcBpks="
    },
    "debug": {
      "version": "4.3.4",
      "resolved": "https://artifactory-qa.bmogc.net:443/artifactory/api/npm/BMOHC-NPM-Engineering-Virtual/debug/-/debug-4.3.4.tgz",
      "integrity": "sha1-Exn2V5NX8jONMzfSzdSRS7XcyGU=",
      "requires": {
        "ms": "2.1.2"
      }
    },
    "delayed-stream": {
      "version": "1.0.0",
      "resolved": "https://artifactory-qa.bmogc.net:443/artifactory/api/npm/BMOHC-NPM-Engineering-Virtual/delayed-stream/-/delayed-stream-1.0.0.tgz",
      "integrity": "sha1-3zrhmayt+31ECqrgsp4icrJOxhk="
    },
    "ecc-jsbn": {
      "version": "0.1.2",
      "resolved": "https://artifactory-qa.bmogc.net:443/artifactory/api/npm/BMOHC-NPM-Engineering-Virtual/ecc-jsbn/-/ecc-jsbn-0.1.2.tgz",
      "integrity": "sha1-OoOpBOVDUyh4dMVkt1SThoSamMk=",
      "requires": {
        "jsbn": "~0.1.0",
        "safer-buffer": "^2.1.0"
      }
    },
    "emitter-listener": {
      "version": "1.1.2",
      "resolved": "https://artifactory-qa.bmogc.net:443/artifactory/api/npm/BMOHC-NPM-Engineering-Virtual/emitter-listener/-/emitter-listener-1.1.2.tgz",
      "integrity": "sha1-VrFA6PaZI3Wz18ssqxzHQy2WMug=",
      "requires": {
        "shimmer": "^1.2.0"
      }
    },
    "encoding": {
      "version": "0.1.12",
      "resolved": "https://artifactory-qa.bmogc.net:443/artifactory/api/npm/BMOHC-NPM-Engineering-Virtual/encoding/-/encoding-0.1.12.tgz",
      "integrity": "sha1-U4tm8+5izRq1HsMjgp0flIDHS+s=",
      "requires": {
        "iconv-lite": "~0.4.13"
      }
    },
    "esprima": {
      "version": "4.0.1",
      "resolved": "https://artifactory-qa.bmogc.net:443/artifactory/api/npm/BMOHC-NPM-Engineering-Virtual/esprima/-/esprima-4.0.1.tgz",
      "integrity": "sha1-E7BM2z5sXRnfkatph6hpVhmwqnE="
    },
    "extend": {
      "version": "3.0.2",
      "resolved": "https://artifactory-qa.bmogc.net:443/artifactory/api/npm/BMOHC-NPM-Engineering-Virtual/extend/-/extend-3.0.2.tgz",
      "integrity": "sha1-+LETa0Bx+9jrFAr/hYsQGewpFfo="
    },
    "extsprintf": {
      "version": "1.3.0",
      "resolved": "https://artifactory-qa.bmogc.net:443/artifactory/api/npm/BMOHC-NPM-Engineering-Virtual/extsprintf/-/extsprintf-1.3.0.tgz",
      "integrity": "sha1-lpGEQOMEGnpBT4xS48V06zw+HgU="
    },
    "fast-deep-equal": {
      "version": "3.1.3",
      "resolved": "https://artifactory-qa.bmogc.net:443/artifactory/api/npm/BMOHC-NPM-Engineering-Virtual/fast-deep-equal/-/fast-deep-equal-3.1.3.tgz",
      "integrity": "sha1-On1WtVnWy8PrUSMlJE5hmmXGxSU="
    },
    "fast-json-stable-stringify": {
      "version": "2.1.0",
      "resolved": "https://artifactory-qa.bmogc.net:443/artifactory/api/npm/BMOHC-NPM-Engineering-Virtual/fast-json-stable-stringify/-/fast-json-stable-stringify-2.1.0.tgz",
      "integrity": "sha1-h0v2nG9ATCtdmcSBNBOZ/VWJJjM="
    },
    "fetch": {
      "version": "1.1.0",
      "resolved": "https://artifactory-qa.bmogc.net:443/artifactory/api/npm/BMOHC-NPM-Engineering-Virtual/fetch/-/fetch-1.1.0.tgz",
      "integrity": "sha1-CoJ58Gvjf58Ou1Z1YKMKSA2lmi4=",
      "requires": {
        "biskviit": "1.0.1",
        "encoding": "0.1.12"
      }
    },
    "fetch-blob": {
      "version": "3.1.5",
      "resolved": "https://artifactory-qa.bmogc.net:443/artifactory/api/npm/BMOHC-NPM-Engineering-Virtual/fetch-blob/-/fetch-blob-3.1.5.tgz",
      "integrity": "sha1-AHe/Xz/NvZ11oLU2L3fbt0NImGM=",
      "requires": {
        "node-domexception": "^1.0.0",
        "web-streams-polyfill": "^3.0.3"
      }
    },
    "forever-agent": {
      "version": "0.6.1",
      "resolved": "https://artifactory-qa.bmogc.net:443/artifactory/api/npm/BMOHC-NPM-Engineering-Virtual/forever-agent/-/forever-agent-0.6.1.tgz",
      "integrity": "sha1-+8cfDEGt6zf5bFd60e1C2P2sypE="
    },
    "form-data": {
      "version": "2.3.3",
      "resolved": "https://artifactory-qa.bmogc.net:443/artifactory/api/npm/BMOHC-NPM-Engineering-Virtual/form-data/-/form-data-2.3.3.tgz",
      "integrity": "sha1-3M5SwF9kTymManq5Nr1yTO/786Y=",
      "requires": {
        "asynckit": "^0.4.0",
        "combined-stream": "^1.0.6",
        "mime-types": "^2.1.12"
      }
    },
    "formdata-polyfill": {
      "version": "4.0.10",
      "resolved": "https://artifactory-qa.bmogc.net:443/artifactory/api/npm/BMOHC-NPM-Engineering-Virtual/formdata-polyfill/-/formdata-polyfill-4.0.10.tgz",
      "integrity": "sha1-JIB8McnUAuACqz2McgFEzriEhCM=",
      "requires": {
        "fetch-blob": "^3.1.2"
      }
    },
    "fs": {
      "version": "0.0.1-security",
      "resolved": "https://artifactory-qa.bmogc.net:443/artifactory/api/npm/BMOHC-NPM-Engineering-Virtual/fs/-/fs-0.0.1-security.tgz",
      "integrity": "sha1-invTcYa23d84E/I4WLV+yq9eQdQ="
    },
    "get-stream": {
      "version": "6.0.1",
      "resolved": "https://artifactory-qa.bmogc.net:443/artifactory/api/npm/BMOHC-NPM-Engineering-Virtual/get-stream/-/get-stream-6.0.1.tgz",
      "integrity": "sha1-omLY7vZ6ztV8KFKtYWdSakPL97c="
    },
    "getpass": {
      "version": "0.1.7",
      "resolved": "https://artifactory-qa.bmogc.net:443/artifactory/api/npm/BMOHC-NPM-Engineering-Virtual/getpass/-/getpass-0.1.7.tgz",
      "integrity": "sha1-Xv+OPmhNVprkyysSgmBOi6YhSfo=",
      "requires": {
        "assert-plus": "^1.0.0"
      }
    },
    "handlebars": {
      "version": "4.7.7",
      "resolved": "https://artifactory-qa.bmogc.net:443/artifactory/api/npm/BMOHC-NPM-Engineering-Virtual/handlebars/-/handlebars-4.7.7.tgz",
      "integrity": "sha1-nOM0FqrQLb1sj6+oJA1dmABJRaE=",
      "requires": {
        "minimist": "^1.2.5",
        "neo-async": "^2.6.0",
        "source-map": "^0.6.1",
        "uglify-js": "^3.1.4",
        "wordwrap": "^1.0.0"
      }
    },
    "har-schema": {
      "version": "2.0.0",
      "resolved": "https://artifactory-qa.bmogc.net:443/artifactory/api/npm/BMOHC-NPM-Engineering-Virtual/har-schema/-/har-schema-2.0.0.tgz",
      "integrity": "sha1-qUwiJOvKwEeCoNkDVSHyRzW37JI="
    },
    "har-validator": {
      "version": "5.1.5",
      "resolved": "https://artifactory-qa.bmogc.net:443/artifactory/api/npm/BMOHC-NPM-Engineering-Virtual/har-validator/-/har-validator-5.1.5.tgz",
      "integrity": "sha1-HwgDufjLIMD6E4It8ezds2veHv0=",
      "requires": {
        "ajv": "^6.12.3",
        "har-schema": "^2.0.0"
      }
    },
    "http-signature": {
      "version": "1.2.0",
      "resolved": "https://artifactory-qa.bmogc.net:443/artifactory/api/npm/BMOHC-NPM-Engineering-Virtual/http-signature/-/http-signature-1.2.0.tgz",
      "integrity": "sha1-muzZJRFHcvPZW2WmCruPfBj7rOE=",
      "requires": {
        "assert-plus": "^1.0.0",
        "jsprim": "^1.2.2",
        "sshpk": "^1.7.0"
      }
    },
    "httpntlm": {
      "version": "1.7.7",
      "resolved": "https://artifactory-qa.bmogc.net:443/artifactory/api/npm/BMOHC-NPM-Engineering-Virtual/httpntlm/-/httpntlm-1.7.7.tgz",
      "integrity": "sha1-UbkU8Y5d4oaNS/5QruzbHbIyGKE=",
      "requires": {
        "httpreq": ">=0.4.22",
        "underscore": "~1.12.1"
      },
      "dependencies": {
        "underscore": {
          "version": "1.12.1",
          "resolved": "https://artifactory-qa.bmogc.net:443/artifactory/api/npm/BMOHC-NPM-Engineering-Virtual/underscore/-/underscore-1.12.1.tgz",
          "integrity": "sha1-e7jMmz05fiAc+FUzNtJiVE6tgp4="
        }
      }
    },
    "httpreq": {
      "version": "0.5.2",
      "resolved": "https://artifactory-qa.bmogc.net:443/artifactory/api/npm/BMOHC-NPM-Engineering-Virtual/httpreq/-/httpreq-0.5.2.tgz",
      "integrity": "sha1-vmd3KS+hA413cdfAHZpeEhnelRw="
    },
    "iconv-lite": {
      "version": "0.4.24",
      "resolved": "https://artifactory-qa.bmogc.net:443/artifactory/api/npm/BMOHC-NPM-Engineering-Virtual/iconv-lite/-/iconv-lite-0.4.24.tgz",
      "integrity": "sha1-ICK0sl+93CHS9SSXSkdKr+czkIs=",
      "requires": {
        "safer-buffer": ">= 2.1.2 < 3"
      }
    },
    "inherits": {
      "version": "2.0.3",
      "resolved": "https://artifactory-qa.bmogc.net:443/artifactory/api/npm/BMOHC-NPM-Engineering-Virtual/inherits/-/inherits-2.0.3.tgz",
      "integrity": "sha1-Yzwsg+PaQqUC9SRmAiSA9CCCYd4="
    },
    "is-typedarray": {
      "version": "1.0.0",
      "resolved": "https://artifactory-qa.bmogc.net:443/artifactory/api/npm/BMOHC-NPM-Engineering-Virtual/is-typedarray/-/is-typedarray-1.0.0.tgz",
      "integrity": "sha1-5HnICFjfDBsR3dppQPlgEfzaSpo="
    },
    "isstream": {
      "version": "0.1.2",
      "resolved": "https://artifactory-qa.bmogc.net:443/artifactory/api/npm/BMOHC-NPM-Engineering-Virtual/isstream/-/isstream-0.1.2.tgz",
      "integrity": "sha1-R+Y/evVa+m+S4VAOaQ64uFKcCZo="
    },
    "js-yaml": {
      "version": "3.14.1",
      "resolved": "https://artifactory-qa.bmogc.net:443/artifactory/api/npm/BMOHC-NPM-Engineering-Virtual/js-yaml/-/js-yaml-3.14.1.tgz",
      "integrity": "sha1-2ugS/bOCX6MGYJqHFzg8UMNqBTc=",
      "requires": {
        "argparse": "^1.0.7",
        "esprima": "^4.0.0"
      }
    },
    "jsbn": {
      "version": "0.1.1",
      "resolved": "https://artifactory-qa.bmogc.net:443/artifactory/api/npm/BMOHC-NPM-Engineering-Virtual/jsbn/-/jsbn-0.1.1.tgz",
      "integrity": "sha1-peZUwuWi3rXyAdls77yoDA7y9RM="
    },
    "json-schema": {
      "version": "0.4.0",
      "resolved": "https://artifactory-qa.bmogc.net:443/artifactory/api/npm/BMOHC-NPM-Engineering-Virtual/json-schema/-/json-schema-0.4.0.tgz",
      "integrity": "sha1-995M9u+rg4666zI2R0y7paGTCrU="
    },
    "json-schema-ref-parser": {
      "version": "9.0.6",
      "resolved": "https://artifactory-qa.bmogc.net:443/artifactory/api/npm/BMOHC-NPM-Engineering-Virtual/json-schema-ref-parser/-/json-schema-ref-parser-9.0.6.tgz",
      "integrity": "sha1-/Iml5rhT8qvowK8w04dBllJq22A=",
      "requires": {
        "@apidevtools/json-schema-ref-parser": "9.0.6"
      }
    },
    "json-schema-traverse": {
      "version": "0.4.1",
      "resolved": "https://artifactory-qa.bmogc.net:443/artifactory/api/npm/BMOHC-NPM-Engineering-Virtual/json-schema-traverse/-/json-schema-traverse-0.4.1.tgz",
      "integrity": "sha1-afaofZUTq4u4/mO9sJecRI5oRmA="
    },
    "json-stringify-safe": {
      "version": "5.0.1",
      "resolved": "https://artifactory-qa.bmogc.net:443/artifactory/api/npm/BMOHC-NPM-Engineering-Virtual/json-stringify-safe/-/json-stringify-safe-5.0.1.tgz",
      "integrity": "sha1-Epai1Y/UXxmg9s4B1lcB4sc1tus="
    },
    "jsprim": {
      "version": "1.4.2",
      "resolved": "https://artifactory-qa.bmogc.net:443/artifactory/api/npm/BMOHC-NPM-Engineering-Virtual/jsprim/-/jsprim-1.4.2.tgz",
      "integrity": "sha1-cSxlUzoVyHi6WentXw4m1bd8X+s=",
      "requires": {
        "assert-plus": "1.0.0",
        "extsprintf": "1.3.0",
        "json-schema": "0.4.0",
        "verror": "1.10.0"
      }
    },
    "lodash": {
      "version": "4.17.21",
      "resolved": "https://artifactory-qa.bmogc.net:443/artifactory/api/npm/BMOHC-NPM-Engineering-Virtual/lodash/-/lodash-4.17.21.tgz",
      "integrity": "sha1-Z5WRxWTDv/quhFTPCz3zcMPWkRw="
    },
    "mask-xml": {
      "version": "1.0.4",
      "resolved": "https://artifactory-qa.bmogc.net:443/artifactory/api/npm/BMOHC-NPM-Engineering-Virtual/mask-xml/-/mask-xml-1.0.4.tgz",
      "integrity": "sha1-VWO0OcaCih6NJz2DeWJ3h+oY0PI="
    },
    "mime-db": {
      "version": "1.52.0",
      "resolved": "https://artifactory-qa.bmogc.net:443/artifactory/api/npm/BMOHC-NPM-Engineering-Virtual/mime-db/-/mime-db-1.52.0.tgz",
      "integrity": "sha1-u6vNwChZ9JhzAchW4zh85exDv3A="
    },
    "mime-types": {
      "version": "2.1.35",
      "resolved": "https://artifactory-qa.bmogc.net:443/artifactory/api/npm/BMOHC-NPM-Engineering-Virtual/mime-types/-/mime-types-2.1.35.tgz",
      "integrity": "sha1-OBqHG2KnNEUGYK497uRIE/cNlZo=",
      "requires": {
        "mime-db": "1.52.0"
      }
    },
    "minimist": {
      "version": "1.2.6",
      "resolved": "https://artifactory-qa.bmogc.net:443/artifactory/api/npm/BMOHC-NPM-Engineering-Virtual/minimist/-/minimist-1.2.6.tgz",
      "integrity": "sha1-hjelt1nqDW6YcCz7OpKDMjyTr0Q="
    },
    "moment": {
      "version": "2.29.1",
      "resolved": "https://artifactory-qa.bmogc.net:443/artifactory/api/npm/BMOHC-NPM-Engineering-Virtual/moment/-/moment-2.29.1.tgz",
      "integrity": "sha1-sr52n6MZQL6e7qZGnAdeNQBvo9M="
    },
    "moment-timezone": {
      "version": "0.5.31",
      "resolved": "https://artifactory-qa.bmogc.net:443/artifactory/api/npm/BMOHC-NPM-Engineering-Virtual/moment-timezone/-/moment-timezone-0.5.31.tgz",
      "integrity": "sha1-nEDYxQJvDHq0bto9Y+ScFVFI3gU=",
      "requires": {
        "moment": ">= 2.9.0"
      }
    },
    "ms": {
      "version": "2.1.2",
      "resolved": "https://artifactory-qa.bmogc.net:443/artifactory/api/npm/BMOHC-NPM-Engineering-Virtual/ms/-/ms-2.1.2.tgz",
      "integrity": "sha1-0J0fNXtEP0kzgqjrPM0YOHKuYAk="
    },
    "neo-async": {
      "version": "2.6.2",
      "resolved": "https://artifactory-qa.bmogc.net:443/artifactory/api/npm/BMOHC-NPM-Engineering-Virtual/neo-async/-/neo-async-2.6.2.tgz",
      "integrity": "sha1-tKr7k+OustgXTKU88WOrfXMIMF8="
    },
    "node-cache": {
      "version": "5.1.2",
      "resolved": "https://artifactory-qa.bmogc.net:443/artifactory/api/npm/BMOHC-NPM-Engineering-Virtual/node-cache/-/node-cache-5.1.2.tgz",
      "integrity": "sha1-8mTcLMrQp4DnYlOmlOn9DtGcOY0=",
      "requires": {
        "clone": "2.x"
      }
    },
    "node-domexception": {
      "version": "1.0.0",
      "resolved": "https://artifactory-qa.bmogc.net:443/artifactory/api/npm/BMOHC-NPM-Engineering-Virtual/node-domexception/-/node-domexception-1.0.0.tgz",
      "integrity": "sha1-aIjbRqH3HAt2s/dVUBa2P+ZHZuU="
    },
    "node-fetch": {
      "version": "3.2.3",
      "resolved": "https://artifactory-qa.bmogc.net:443/artifactory/api/npm/BMOHC-NPM-Engineering-Virtual/node-fetch/-/node-fetch-3.2.3.tgz",
      "integrity": "sha1-oDycwgRNIdGgIVZr1S8IDzM3GaY=",
      "requires": {
        "data-uri-to-buffer": "^4.0.0",
        "fetch-blob": "^3.1.4",
        "formdata-polyfill": "^4.0.10"
      }
    },
    "oauth-sign": {
      "version": "0.9.0",
      "resolved": "https://artifactory-qa.bmogc.net:443/artifactory/api/npm/BMOHC-NPM-Engineering-Virtual/oauth-sign/-/oauth-sign-0.9.0.tgz",
      "integrity": "sha1-R6ewFrqmi1+g7PPe4IqFxnmsZFU="
    },
    "path": {
      "version": "0.12.7",
      "resolved": "https://artifactory-qa.bmogc.net:443/artifactory/api/npm/BMOHC-NPM-Engineering-Virtual/path/-/path-0.12.7.tgz",
      "integrity": "sha1-1NwqUGxM4hl+tIHr/NWzbAFAsQ8=",
      "requires": {
        "process": "^0.11.1",
        "util": "^0.10.3"
      }
    },
    "performance-now": {
      "version": "2.1.0",
      "resolved": "https://artifactory-qa.bmogc.net:443/artifactory/api/npm/BMOHC-NPM-Engineering-Virtual/performance-now/-/performance-now-2.1.0.tgz",
      "integrity": "sha1-Ywn04OX6kT7BxpMHrjZLSzd8nns="
    },
    "pkginfo": {
      "version": "0.4.1",
      "resolved": "https://artifactory-qa.bmogc.net:443/artifactory/api/npm/BMOHC-NPM-Engineering-Virtual/pkginfo/-/pkginfo-0.4.1.tgz",
      "integrity": "sha1-tUGO8EOd5UJfxJlQQtztFPsqhP8="
    },
    "process": {
      "version": "0.11.10",
      "resolved": "https://artifactory-qa.bmogc.net:443/artifactory/api/npm/BMOHC-NPM-Engineering-Virtual/process/-/process-0.11.10.tgz",
      "integrity": "sha1-czIwDoQBYb2j5podHZGn1LwW8YI="
    },
    "psl": {
      "version": "1.8.0",
      "resolved": "https://artifactory-qa.bmogc.net:443/artifactory/api/npm/BMOHC-NPM-Engineering-Virtual/psl/-/psl-1.8.0.tgz",
      "integrity": "sha1-kyb4vPsBOtzABf3/BWrM4CDlHCQ="
    },
    "punycode": {
      "version": "2.1.1",
      "resolved": "https://artifactory-qa.bmogc.net:443/artifactory/api/npm/BMOHC-NPM-Engineering-Virtual/punycode/-/punycode-2.1.1.tgz",
      "integrity": "sha1-tYsBCsQMIsVldhbI0sLALHv0eew="
    },
    "qs": {
      "version": "6.5.3",
      "resolved": "https://artifactory-qa.bmogc.net:443/artifactory/api/npm/BMOHC-NPM-Engineering-Virtual/qs/-/qs-6.5.3.tgz",
      "integrity": "sha1-Ou7/yRln7241wOSI70b7KWq3aq0="
    },
    "request": {
      "version": "2.88.2",
      "resolved": "https://artifactory-qa.bmogc.net:443/artifactory/api/npm/BMOHC-NPM-Engineering-Virtual/request/-/request-2.88.2.tgz",
      "integrity": "sha1-1zyRhzHLWofaBH4gcjQUb2ZNErM=",
      "requires": {
        "aws-sign2": "~0.7.0",
        "aws4": "^1.8.0",
        "caseless": "~0.12.0",
        "combined-stream": "~1.0.6",
        "extend": "~3.0.2",
        "forever-agent": "~0.6.1",
        "form-data": "~2.3.2",
        "har-validator": "~5.1.3",
        "http-signature": "~1.2.0",
        "is-typedarray": "~1.0.0",
        "isstream": "~0.1.2",
        "json-stringify-safe": "~5.0.1",
        "mime-types": "~2.1.19",
        "oauth-sign": "~0.9.0",
        "performance-now": "^2.1.0",
        "qs": "~6.5.2",
        "safe-buffer": "^5.1.2",
        "tough-cookie": "~2.5.0",
        "tunnel-agent": "^0.6.0",
        "uuid": "^3.3.2"
      }
    },
    "safe-buffer": {
      "version": "5.2.1",
      "resolved": "https://artifactory-qa.bmogc.net:443/artifactory/api/npm/BMOHC-NPM-Engineering-Virtual/safe-buffer/-/safe-buffer-5.2.1.tgz",
      "integrity": "sha1-Hq+fqb2x/dTsdfWPnNtOa3gn7sY="
    },
    "safer-buffer": {
      "version": "2.1.2",
      "resolved": "https://artifactory-qa.bmogc.net:443/artifactory/api/npm/BMOHC-NPM-Engineering-Virtual/safer-buffer/-/safer-buffer-2.1.2.tgz",
      "integrity": "sha1-RPoWGwGHuVSd2Eu5GAL5vYOFzWo="
    },
    "sax": {
      "version": "1.2.4",
      "resolved": "https://artifactory-qa.bmogc.net:443/artifactory/api/npm/BMOHC-NPM-Engineering-Virtual/sax/-/sax-1.2.4.tgz",
      "integrity": "sha1-KBYjTiN4vdxOU1T6tcqold9xANk="
    },
    "semver": {
      "version": "7.3.2",
      "resolved": "https://artifactory-qa.bmogc.net:443/artifactory/api/npm/BMOHC-NPM-Engineering-Virtual/semver/-/semver-7.3.2.tgz",
      "integrity": "sha1-YElisFK4HtB4aq6EOJ/7pw/9OTg="
    },
    "shimmer": {
      "version": "1.2.1",
      "resolved": "https://artifactory-qa.bmogc.net:443/artifactory/api/npm/BMOHC-NPM-Engineering-Virtual/shimmer/-/shimmer-1.2.1.tgz",
      "integrity": "sha1-YQhZ994ye1h+/r9QH7QxF/mv8zc="
    },
    "soap": {
      "version": "0.36.0",
      "resolved": "https://artifactory-qa.bmogc.net:443/artifactory/api/npm/BMOHC-NPM-Engineering-Virtual/soap/-/soap-0.36.0.tgz",
      "integrity": "sha1-gNGlXongSPF1rlU4wohCjYxklEU=",
      "requires": {
        "debug": "^4.1.1",
        "get-stream": "^6.0.0",
        "httpntlm": "^1.5.2",
        "lodash": "^4.17.19",
        "request": ">=2.9.0",
        "sax": ">=0.6",
        "strip-bom": "^3.0.0",
        "uuid": "^8.3.0",
        "xml-crypto": "^2.0.0"
      },
      "dependencies": {
        "uuid": {
          "version": "8.3.2",
          "resolved": "https://artifactory-qa.bmogc.net:443/artifactory/api/npm/BMOHC-NPM-Engineering-Virtual/uuid/-/uuid-8.3.2.tgz",
          "integrity": "sha1-gNW1ztJxu5r2xEXyGhoExgbO++I="
        }
      }
    },
    "source-map": {
      "version": "0.6.1",
      "resolved": "https://artifactory-qa.bmogc.net:443/artifactory/api/npm/BMOHC-NPM-Engineering-Virtual/source-map/-/source-map-0.6.1.tgz",
      "integrity": "sha1-dHIq8y6WFOnCh6jQu95IteLxomM="
    },
    "sprintf-js": {
      "version": "1.0.3",
      "resolved": "https://artifactory-qa.bmogc.net:443/artifactory/api/npm/BMOHC-NPM-Engineering-Virtual/sprintf-js/-/sprintf-js-1.0.3.tgz",
      "integrity": "sha1-BOaSb2YolTVPPdAVIDYzuFcpfiw="
    },
    "sshpk": {
      "version": "1.17.0",
      "resolved": "https://artifactory-qa.bmogc.net:443/artifactory/api/npm/BMOHC-NPM-Engineering-Virtual/sshpk/-/sshpk-1.17.0.tgz",
      "integrity": "sha1-V4CC2S1P5hKxMAdJblQ/oPvL5MU=",
      "requires": {
        "asn1": "~0.2.3",
        "assert-plus": "^1.0.0",
        "bcrypt-pbkdf": "^1.0.0",
        "dashdash": "^1.12.0",
        "ecc-jsbn": "~0.1.1",
        "getpass": "^0.1.1",
        "jsbn": "~0.1.0",
        "safer-buffer": "^2.0.2",
        "tweetnacl": "~0.14.0"
      }
    },
    "stack-chain": {
      "version": "1.3.7",
      "resolved": "https://artifactory-qa.bmogc.net:443/artifactory/api/npm/BMOHC-NPM-Engineering-Virtual/stack-chain/-/stack-chain-1.3.7.tgz",
      "integrity": "sha1-0ZLJ/06moiyUxN1FkXHj8AzqEoU="
    },
    "strip-bom": {
      "version": "3.0.0",
      "resolved": "https://artifactory-qa.bmogc.net:443/artifactory/api/npm/BMOHC-NPM-Engineering-Virtual/strip-bom/-/strip-bom-3.0.0.tgz",
      "integrity": "sha1-IzTBjpx1n3vdVv3vfprj1YjmjtM="
    },
    "test": {
      "version": "0.6.0",
      "resolved": "https://artifactory-qa.bmogc.net:443/artifactory/api/npm/BMOHC-NPM-Engineering-Virtual/test/-/test-0.6.0.tgz",
      "integrity": "sha1-WYasRF7Bd1QyJRLRBLoyyKY+k44=",
      "requires": {
        "ansi-font": "0.0.2"
      }
    },
    "tough-cookie": {
      "version": "2.5.0",
      "resolved": "https://artifactory-qa.bmogc.net:443/artifactory/api/npm/BMOHC-NPM-Engineering-Virtual/tough-cookie/-/tough-cookie-2.5.0.tgz",
      "integrity": "sha1-zZ+yoKodWhK0c72fuW+j3P9lreI=",
      "requires": {
        "psl": "^1.1.28",
        "punycode": "^2.1.1"
      }
    },
    "tunnel-agent": {
      "version": "0.6.0",
      "resolved": "https://artifactory-qa.bmogc.net:443/artifactory/api/npm/BMOHC-NPM-Engineering-Virtual/tunnel-agent/-/tunnel-agent-0.6.0.tgz",
      "integrity": "sha1-J6XeoGs2sEoKmWZ3SykIaPD8QP0=",
      "requires": {
        "safe-buffer": "^5.0.1"
      }
    },
    "tweetnacl": {
      "version": "0.14.5",
      "resolved": "https://artifactory-qa.bmogc.net:443/artifactory/api/npm/BMOHC-NPM-Engineering-Virtual/tweetnacl/-/tweetnacl-0.14.5.tgz",
      "integrity": "sha1-WuaBd/GS1EViadEIr6k/+HQ/T2Q="
    },
    "uglify-js": {
      "version": "3.15.4",
      "resolved": "https://artifactory-qa.bmogc.net:443/artifactory/api/npm/BMOHC-NPM-Engineering-Virtual/uglify-js/-/uglify-js-3.15.4.tgz",
      "integrity": "sha1-+pXCV+iPhWFJFbkGIEuWI9T6NA0=",
      "optional": true
    },
    "underscore": {
      "version": "1.13.0-2",
      "resolved": "https://artifactory-qa.bmogc.net:443/artifactory/api/npm/BMOHC-NPM-Engineering-Virtual/underscore/-/underscore-1.13.0-2.tgz",
      "integrity": "sha1-XlRn8HajbbEwKEAVWL/K0415iRU="
    },
    "uri-js": {
      "version": "4.4.1",
      "resolved": "https://artifactory-qa.bmogc.net:443/artifactory/api/npm/BMOHC-NPM-Engineering-Virtual/uri-js/-/uri-js-4.4.1.tgz",
      "integrity": "sha1-mxpSWVIlhZ5V9mnZKPiMbFfyp34=",
      "requires": {
        "punycode": "^2.1.0"
      }
    },
    "util": {
      "version": "0.10.4",
      "resolved": "https://artifactory-qa.bmogc.net:443/artifactory/api/npm/BMOHC-NPM-Engineering-Virtual/util/-/util-0.10.4.tgz",
      "integrity": "sha1-OqASW/5mikZy3liFfTrOJ+y3aQE=",
      "requires": {
        "inherits": "2.0.3"
      }
    },
    "uuid": {
      "version": "3.4.0",
      "resolved": "https://artifactory-qa.bmogc.net:443/artifactory/api/npm/BMOHC-NPM-Engineering-Virtual/uuid/-/uuid-3.4.0.tgz",
      "integrity": "sha1-sj5DWK+oogL+ehAK8fX4g/AgB+4="
    },
    "verror": {
      "version": "1.10.0",
      "resolved": "https://artifactory-qa.bmogc.net:443/artifactory/api/npm/BMOHC-NPM-Engineering-Virtual/verror/-/verror-1.10.0.tgz",
      "integrity": "sha1-OhBcoXBTr1XW4nDB+CiGguGNpAA=",
      "requires": {
        "assert-plus": "^1.0.0",
        "core-util-is": "1.0.2",
        "extsprintf": "^1.2.0"
      }
    },
    "web-streams-polyfill": {
      "version": "3.2.1",
      "resolved": "https://artifactory-qa.bmogc.net:443/artifactory/api/npm/BMOHC-NPM-Engineering-Virtual/web-streams-polyfill/-/web-streams-polyfill-3.2.1.tgz",
      "integrity": "sha1-ccJxjFK0X9Sdvu6IY0s6YM6rQqY="
    },
    "wordwrap": {
      "version": "1.0.0",
      "resolved": "https://artifactory-qa.bmogc.net:443/artifactory/api/npm/BMOHC-NPM-Engineering-Virtual/wordwrap/-/wordwrap-1.0.0.tgz",
      "integrity": "sha1-J1hIEIkUVqQXHI0CJkQa3pDLyus="
    },
    "xml-crypto": {
      "version": "2.1.3",
      "resolved": "https://artifactory-qa.bmogc.net:443/artifactory/api/npm/BMOHC-NPM-Engineering-Virtual/xml-crypto/-/xml-crypto-2.1.3.tgz",
      "integrity": "sha1-anJythDqPk6n8T6eSHbxsgy8Msg=",
      "requires": {
        "@xmldom/xmldom": "^0.7.0",
        "xpath": "0.0.32"
      }
    },
    "xml2js": {
      "version": "0.4.23",
      "resolved": "https://artifactory-qa.bmogc.net:443/artifactory/api/npm/BMOHC-NPM-Engineering-Virtual/xml2js/-/xml2js-0.4.23.tgz",
      "integrity": "sha1-oMaVFnUkIesqx1juTUzPWIQ+rGY=",
      "requires": {
        "sax": ">=0.6.0",
        "xmlbuilder": "~11.0.0"
      }
    },
    "xmlbuilder": {
      "version": "11.0.1",
      "resolved": "https://artifactory-qa.bmogc.net:443/artifactory/api/npm/BMOHC-NPM-Engineering-Virtual/xmlbuilder/-/xmlbuilder-11.0.1.tgz",
      "integrity": "sha1-vpuuHIoEbnazESdyY0fQrXACvrM="
    },
    "xpath": {
      "version": "0.0.32",
      "resolved": "https://artifactory-qa.bmogc.net:443/artifactory/api/npm/BMOHC-NPM-Engineering-Virtual/xpath/-/xpath-0.0.32.tgz",
      "integrity": "sha1-G3PTNRr3NuF+wHjW2kuBdUBcSK8="
    }
  }
}
